
Microsoft Visual Studio Solution File, Format Version 12.00
# Visual Studio 15
VisualStudioVersion = 15.0.28010.2036
MinimumVisualStudioVersion = 10.0.40219.1
Project("{FAE04EC0-301F-11D3-BF4B-00C04F79EFBC}") = "测绘坐标计算", "测绘坐标计算\测绘坐标计算.csproj", "{67B5FD0C-BE89-4A64-86A6-B188C4B5FA58}"
EndProject
Global
	GlobalSection(SolutionConfigurationPlatforms) = preSolution
		Debug|Any CPU = Debug|Any CPU
		Release|Any CPU = Release|Any CPU
	EndGlobalSection
	GlobalSection(ProjectConfigurationPlatforms) = postSolution
		{67B5FD0C-BE89-4A64-86A6-B188C4B5FA58}.Debug|Any CPU.ActiveCfg = Debug|Any CPU
		{67B5FD0C-BE89-4A64-86A6-B188C4B5FA58}.Debug|Any CPU.Build.0 = Debug|Any CPU
		{67B5FD0C-BE89-4A64-86A6-B188C4B5FA58}.Release|Any CPU.ActiveCfg = Release|Any CPU
		{67B5FD0C-BE89-4A64-86A6-B188C4B5FA58}.Release|Any CPU.Build.0 = Release|Any CPU
	EndGlobalSection
	GlobalSection(SolutionProperties) = preSolution
		HideSolutionNode = FALSE
	EndGlobalSection
	GlobalSection(ExtensibilityGlobals) = postSolution
		SolutionGuid = {0D5459A7-8A2B-4071-94F4-8CA18C16C065}
	EndGlobalSection
EndGlobal
